
Microsoft Visual Studio Solution File, Format Version 12.00
# Visual Studio Version 17
VisualStudioVersion = 17.8.34525.116
MinimumVisualStudioVersion = 10.0.40219.1
Project("{9A19103F-16F7-4668-BE54-9A1E7A4F7556}") = "DenuncieAqui.Application", "DenuncieAqui.Application\DenuncieAqui.Application.csproj", "{688F9A2C-D040-447D-920D-E94B1D1CA083}"
EndProject
Project("{9A19103F-16F7-4668-BE54-9A1E7A4F7556}") = "DenuncieAqui.Domain", "DenuncieAqui.Domain\DenuncieAqui.Domain.csproj", "{BECB1C13-83C4-4B26-B642-92122A607695}"
EndProject
Project("{9A19103F-16F7-4668-BE54-9A1E7A4F7556}") = "DenuncieAqui.Infrastructure", "DenuncieAqui.Infrastructure\DenuncieAqui.Infrastructure.csproj", "{26FE3301-9887-47B4-ACA9-275C7C6F1DE3}"
EndProject
Project("{9A19103F-16F7-4668-BE54-9A1E7A4F7556}") = "DenuncieAqui.CrossCutting", "DenuncieAqui.CrossCutting\DenuncieAqui.CrossCutting.csproj", "{FD2EDD8C-ECD2-4B44-B53C-82E3A3EA28BA}"
	ProjectSection(ProjectDependencies) = postProject
		{26FE3301-9887-47B4-ACA9-275C7C6F1DE3} = {26FE3301-9887-47B4-ACA9-275C7C6F1DE3}
		{458B805B-A4E9-44BC-91EC-D3BE47EEF91C} = {458B805B-A4E9-44BC-91EC-D3BE47EEF91C}
		{5212EF79-DEC4-4D06-821B-B94C6D806ABB} = {5212EF79-DEC4-4D06-821B-B94C6D806ABB}
		{688F9A2C-D040-447D-920D-E94B1D1CA083} = {688F9A2C-D040-447D-920D-E94B1D1CA083}
		{BECB1C13-83C4-4B26-B642-92122A607695} = {BECB1C13-83C4-4B26-B642-92122A607695}
		{CD31F2BC-7013-417B-9A7C-450213A572E8} = {CD31F2BC-7013-417B-9A7C-450213A572E8}
	EndProjectSection
EndProject
Project("{9A19103F-16F7-4668-BE54-9A1E7A4F7556}") = "DenuncieAqui.Blazor", "DenuncieAqui.Blazor\DenuncieAqui.Blazor\DenuncieAqui.Blazor.csproj", "{CD31F2BC-7013-417B-9A7C-450213A572E8}"
EndProject
Project("{9A19103F-16F7-4668-BE54-9A1E7A4F7556}") = "DenuncieAqui.Blazor.Client", "DenuncieAqui.Blazor\DenuncieAqui.Blazor.Client\DenuncieAqui.Blazor.Client.csproj", "{458B805B-A4E9-44BC-91EC-D3BE47EEF91C}"
EndProject
Project("{2150E333-8FDC-42A3-9474-1A3956D46DE8}") = "1 - Presentation", "1 - Presentation", "{44B55B2C-3B1F-4240-B604-7EB48B8B46CD}"
EndProject
Project("{2150E333-8FDC-42A3-9474-1A3956D46DE8}") = "2 - Application & Domain", "2 - Application & Domain", "{C75AD0E4-FB55-4B75-98CB-2666AD29D62A}"
EndProject
Project("{2150E333-8FDC-42A3-9474-1A3956D46DE8}") = "3 - Infra & Shared", "3 - Infra & Shared", "{F6F59410-AF6B-40E0-8FAE-F837C6E9E237}"
EndProject
Project("{9A19103F-16F7-4668-BE54-9A1E7A4F7556}") = "DenuncieAqui.DomainCore", "DenuncieAqui.DomainCore\DenuncieAqui.DomainCore.csproj", "{5212EF79-DEC4-4D06-821B-B94C6D806ABB}"
EndProject
Global
	GlobalSection(SolutionConfigurationPlatforms) = preSolution
		Debug|Any CPU = Debug|Any CPU
		Release|Any CPU = Release|Any CPU
	EndGlobalSection
	GlobalSection(ProjectConfigurationPlatforms) = postSolution
		{688F9A2C-D040-447D-920D-E94B1D1CA083}.Debug|Any CPU.ActiveCfg = Debug|Any CPU
		{688F9A2C-D040-447D-920D-E94B1D1CA083}.Debug|Any CPU.Build.0 = Debug|Any CPU
		{688F9A2C-D040-447D-920D-E94B1D1CA083}.Release|Any CPU.ActiveCfg = Release|Any CPU
		{688F9A2C-D040-447D-920D-E94B1D1CA083}.Release|Any CPU.Build.0 = Release|Any CPU
		{BECB1C13-83C4-4B26-B642-92122A607695}.Debug|Any CPU.ActiveCfg = Debug|Any CPU
		{BECB1C13-83C4-4B26-B642-92122A607695}.Debug|Any CPU.Build.0 = Debug|Any CPU
		{BECB1C13-83C4-4B26-B642-92122A607695}.Release|Any CPU.ActiveCfg = Release|Any CPU
		{BECB1C13-83C4-4B26-B642-92122A607695}.Release|Any CPU.Build.0 = Release|Any CPU
		{26FE3301-9887-47B4-ACA9-275C7C6F1DE3}.Debug|Any CPU.ActiveCfg = Debug|Any CPU
		{26FE3301-9887-47B4-ACA9-275C7C6F1DE3}.Debug|Any CPU.Build.0 = Debug|Any CPU
		{26FE3301-9887-47B4-ACA9-275C7C6F1DE3}.Release|Any CPU.ActiveCfg = Release|Any CPU
		{26FE3301-9887-47B4-ACA9-275C7C6F1DE3}.Release|Any CPU.Build.0 = Release|Any CPU
		{FD2EDD8C-ECD2-4B44-B53C-82E3A3EA28BA}.Debug|Any CPU.ActiveCfg = Debug|Any CPU
		{FD2EDD8C-ECD2-4B44-B53C-82E3A3EA28BA}.Debug|Any CPU.Build.0 = Debug|Any CPU
		{FD2EDD8C-ECD2-4B44-B53C-82E3A3EA28BA}.Release|Any CPU.ActiveCfg = Release|Any CPU
		{FD2EDD8C-ECD2-4B44-B53C-82E3A3EA28BA}.Release|Any CPU.Build.0 = Release|Any CPU
		{CD31F2BC-7013-417B-9A7C-450213A572E8}.Debug|Any CPU.ActiveCfg = Debug|Any CPU
		{CD31F2BC-7013-417B-9A7C-450213A572E8}.Debug|Any CPU.Build.0 = Debug|Any CPU
		{CD31F2BC-7013-417B-9A7C-450213A572E8}.Release|Any CPU.ActiveCfg = Release|Any CPU
		{CD31F2BC-7013-417B-9A7C-450213A572E8}.Release|Any CPU.Build.0 = Release|Any CPU
		{458B805B-A4E9-44BC-91EC-D3BE47EEF91C}.Debug|Any CPU.ActiveCfg = Debug|Any CPU
		{458B805B-A4E9-44BC-91EC-D3BE47EEF91C}.Debug|Any CPU.Build.0 = Debug|Any CPU
		{458B805B-A4E9-44BC-91EC-D3BE47EEF91C}.Release|Any CPU.ActiveCfg = Release|Any CPU
		{458B805B-A4E9-44BC-91EC-D3BE47EEF91C}.Release|Any CPU.Build.0 = Release|Any CPU
		{5212EF79-DEC4-4D06-821B-B94C6D806ABB}.Debug|Any CPU.ActiveCfg = Debug|Any CPU
		{5212EF79-DEC4-4D06-821B-B94C6D806ABB}.Debug|Any CPU.Build.0 = Debug|Any CPU
		{5212EF79-DEC4-4D06-821B-B94C6D806ABB}.Release|Any CPU.ActiveCfg = Release|Any CPU
		{5212EF79-DEC4-4D06-821B-B94C6D806ABB}.Release|Any CPU.Build.0 = Release|Any CPU
	EndGlobalSection
	GlobalSection(SolutionProperties) = preSolution
		HideSolutionNode = FALSE
	EndGlobalSection
	GlobalSection(NestedProjects) = preSolution
		{688F9A2C-D040-447D-920D-E94B1D1CA083} = {C75AD0E4-FB55-4B75-98CB-2666AD29D62A}
		{BECB1C13-83C4-4B26-B642-92122A607695} = {C75AD0E4-FB55-4B75-98CB-2666AD29D62A}
		{26FE3301-9887-47B4-ACA9-275C7C6F1DE3} = {F6F59410-AF6B-40E0-8FAE-F837C6E9E237}
		{FD2EDD8C-ECD2-4B44-B53C-82E3A3EA28BA} = {F6F59410-AF6B-40E0-8FAE-F837C6E9E237}
		{CD31F2BC-7013-417B-9A7C-450213A572E8} = {44B55B2C-3B1F-4240-B604-7EB48B8B46CD}
		{458B805B-A4E9-44BC-91EC-D3BE47EEF91C} = {44B55B2C-3B1F-4240-B604-7EB48B8B46CD}
		{5212EF79-DEC4-4D06-821B-B94C6D806ABB} = {C75AD0E4-FB55-4B75-98CB-2666AD29D62A}
	EndGlobalSection
	GlobalSection(ExtensibilityGlobals) = postSolution
		SolutionGuid = {E9857311-34BB-4CE9-8FEE-D02187A5177F}
	EndGlobalSection
EndGlobal
